dependencies:
  LED:
    component_hash: f0b813ad0cc12447bf0ad655b28e4c0726a3bd655b40360a770ef8b750e70e67
    dependencies: []
    source:
      git: https://github.com/VisawaPRO/LED_Test.git
      path: components/LED
      type: git
    version: fb5d90897999554ffe397ef6eb980e1e9da11402
  SEVENSEGMENT:
    component_hash: e7b4a664c5a6313899b5c92f0769bdbc40669d218c6dbcb784e639bb633aac9e
    dependencies: []
    source:
      git: https://github.com/VisawaPRO/SevenSegment.git
      path: components/SevenSegment
      type: git
    version: 0b2182c420c12523649ebeee6cade43145dd04e4
  idf:
    source:
      type: idf
    version: 5.3.1
  protocol_examples_common:
    dependencies: []
    source:
      path: C:\Users\admin\esp\v5.3.1\esp-idf\examples\common_components\protocol_examples_common
      type: local
    version: '*'
direct_dependencies:
- LED
- SEVENSEGMENT
- protocol_examples_common
manifest_hash: 5acdd36eeafa344bff6702cf04f8940d8c18fe47bd270f3019ed5a5da3b7cef5
target: esp32
version: 2.0.0
